
Microsoft Visual Studio Solution File, Format Version 12.00
# Visual Studio Version 17
VisualStudioVersion = 17.9.34728.123
MinimumVisualStudioVersion = 10.0.40219.1
Project("{9A19103F-16F7-4668-BE54-9A1E7A4F7556}") = "SimpleMarkdownEditor", "SimpleMarkdownEditor\SimpleMarkdownEditor.csproj", "{0922467F-4AD9-4063-93CB-9B580CA6068D}"
EndProject
Project("{9A19103F-16F7-4668-BE54-9A1E7A4F7556}") = "SimpleMarkdownEditor.Desktop", "SimpleMarkdownEditor.Desktop\SimpleMarkdownEditor.Desktop.csproj", "{762CD524-B5E7-4EF8-8228-C2956F407FFB}"
EndProject
Global
	GlobalSection(SolutionConfigurationPlatforms) = preSolution
		Debug|Any CPU = Debug|Any CPU
		Release|Any CPU = Release|Any CPU
	EndGlobalSection
	GlobalSection(ProjectConfigurationPlatforms) = postSolution
		{0922467F-4AD9-4063-93CB-9B580CA6068D}.Debug|Any CPU.ActiveCfg = Debug|Any CPU
		{0922467F-4AD9-4063-93CB-9B580CA6068D}.Debug|Any CPU.Build.0 = Debug|Any CPU
		{0922467F-4AD9-4063-93CB-9B580CA6068D}.Release|Any CPU.ActiveCfg = Release|Any CPU
		{0922467F-4AD9-4063-93CB-9B580CA6068D}.Release|Any CPU.Build.0 = Release|Any CPU
		{762CD524-B5E7-4EF8-8228-C2956F407FFB}.Debug|Any CPU.ActiveCfg = Debug|Any CPU
		{762CD524-B5E7-4EF8-8228-C2956F407FFB}.Debug|Any CPU.Build.0 = Debug|Any CPU
		{762CD524-B5E7-4EF8-8228-C2956F407FFB}.Release|Any CPU.ActiveCfg = Release|Any CPU
		{762CD524-B5E7-4EF8-8228-C2956F407FFB}.Release|Any CPU.Build.0 = Release|Any CPU
	EndGlobalSection
	GlobalSection(SolutionProperties) = preSolution
		HideSolutionNode = FALSE
	EndGlobalSection
	GlobalSection(ExtensibilityGlobals) = postSolution
		SolutionGuid = {1EABB566-DC7B-42D8-90D1-90CB86F8A25A}
	EndGlobalSection
EndGlobal
